
Microsoft Visual Studio Solution File, Format Version 12.00
# Visual Studio Version 17
VisualStudioVersion = 17.2.32616.157
MinimumVisualStudioVersion = 10.0.40219.1
Project("{FAE04EC0-301F-11D3-BF4B-00C04F79EFBC}") = "MVC_YT", "MVC_YT\MVC_YT.csproj", "{F11BA5C3-D9B1-4CCB-9FF5-8C31C877EFA6}"
EndProject
Global
	GlobalSection(SolutionConfigurationPlatforms) = preSolution
		Debug|Any CPU = Debug|Any CPU
		Release|Any CPU = Release|Any CPU
	EndGlobalSection
	GlobalSection(ProjectConfigurationPlatforms) = postSolution
		{F11BA5C3-D9B1-4CCB-9FF5-8C31C877EFA6}.Debug|Any CPU.ActiveCfg = Debug|Any CPU
		{F11BA5C3-D9B1-4CCB-9FF5-8C31C877EFA6}.Debug|Any CPU.Build.0 = Debug|Any CPU
		{F11BA5C3-D9B1-4CCB-9FF5-8C31C877EFA6}.Release|Any CPU.ActiveCfg = Release|Any CPU
		{F11BA5C3-D9B1-4CCB-9FF5-8C31C877EFA6}.Release|Any CPU.Build.0 = Release|Any CPU
	EndGlobalSection
	GlobalSection(SolutionProperties) = preSolution
		HideSolutionNode = FALSE
	EndGlobalSection
	GlobalSection(ExtensibilityGlobals) = postSolution
		SolutionGuid = {F5B999D7-7C94-496E-B72B-4EEBC924DBAE}
	EndGlobalSection
EndGlobal
